// !$*UTF8*$!
{
	archiveVersion = 1;
	classes = {
	};
	objectVersion = 50;
	objects = {

/* Begin PBXBuildFile section */
		6D062FA5263A88A0003FE11F /* misc.c in Sources */ = {isa = PBXBuildFile; fileRef = 6D062F9E263A88A0003FE11F /* misc.c */; };
		6D062FA6263A88A0003FE11F /* interactive.c in Sources */ = {isa = PBXBuildFile; fileRef = 6D062F9F263A88A0003FE11F /* interactive.c */; };
		6D062FA7263A88A0003FE11F /* shunting-yard.c in Sources */ = {isa = PBXBuildFile; fileRef = 6D062FA0263A88A0003FE11F /* shunting-yard.c */; };
		6D062FA8263A88A0003FE11F /* cmd.c in Sources */ = {isa = PBXBuildFile; fileRef = 6D062FA1263A88A0003FE11F /* cmd.c */; };
		6D062FA9263A88A0003FE11F /* main.c in Sources */ = {isa = PBXBuildFile; fileRef = 6D062FA2263A88A0003FE11F /* main.c */; };
		6D062FAA263A88A0003FE11F /* stack.c in Sources */ = {isa = PBXBuildFile; fileRef = 6D062FA3263A88A0003FE11F /* stack.c */; };
		6D062FAB263A88A0003FE11F /* help.c in Sources */ = {isa = PBXBuildFile; fileRef = 6D062FA4263A88A0003FE11F /* help.c */; };
		6D062FAE263A8BDF003FE11F /* stack.c in Sources */ = {isa = PBXBuildFile; fileRef = 6D062FA3263A88A0003FE11F /* stack.c */; };
		6D062FAF263A8BDF003FE11F /* main.c in Sources */ = {isa = PBXBuildFile; fileRef = 6D062FA2263A88A0003FE11F /* main.c */; };
		6D062FB0263A8BDF003FE11F /* help.c in Sources */ = {isa = PBXBuildFile; fileRef = 6D062FA4263A88A0003FE11F /* help.c */; };
		6D062FB1263A8BDF003FE11F /* shunting-yard.c in Sources */ = {isa = PBXBuildFile; fileRef = 6D062FA0263A88A0003FE11F /* shunting-yard.c */; };
		6D062FB2263A8BDF003FE11F /* interactive.c in Sources */ = {isa = PBXBuildFile; fileRef = 6D062F9F263A88A0003FE11F /* interactive.c */; };
		6D062FB3263A8BDF003FE11F /* cmd.c in Sources */ = {isa = PBXBuildFile; fileRef = 6D062FA1263A88A0003FE11F /* cmd.c */; };
		6D062FB4263A8BDF003FE11F /* misc.c in Sources */ = {isa = PBXBuildFile; fileRef = 6D062F9E263A88A0003FE11F /* misc.c */; };
		6DE12ABD263AB42F002D5CD5 /* libhistory.a in Frameworks */ = {isa = PBXBuildFile; fileRef = 6DE12ABB263AB42F002D5CD5 /* libhistory.a */; };
		6DE12ABE263AB42F002D5CD5 /* libreadline.a in Frameworks */ = {isa = PBXBuildFile; fileRef = 6DE12ABC263AB42F002D5CD5 /* libreadline.a */; };
		6DE12AC3263AB46E002D5CD5 /* libpanelw.a in Frameworks */ = {isa = PBXBuildFile; fileRef = 6DE12ABF263AB46E002D5CD5 /* libpanelw.a */; };
		6DE12AC4263AB46E002D5CD5 /* libformw.a in Frameworks */ = {isa = PBXBuildFile; fileRef = 6DE12AC0263AB46E002D5CD5 /* libformw.a */; };
		6DE12AC5263AB46E002D5CD5 /* libmenuw.a in Frameworks */ = {isa = PBXBuildFile; fileRef = 6DE12AC1263AB46E002D5CD5 /* libmenuw.a */; };
		6DE12AC6263AB46E002D5CD5 /* libncursesw.a in Frameworks */ = {isa = PBXBuildFile; fileRef = 6DE12AC2263AB46E002D5CD5 /* libncursesw.a */; };
/* End PBXBuildFile section */

/* Begin PBXCopyFilesBuildPhase section */
		6D062ED5263A6B67003FE11F /* CopyFiles */ = {
			isa = PBXCopyFilesBuildPhase;
			buildActionMask = 2147483647;
			dstPath = /usr/share/man/man1/;
			dstSubfolderSpec = 0;
			files = (
			);
			runOnlyForDeploymentPostprocessing = 1;
		};
		6D062FBC263A8BDF003FE11F /* CopyFiles */ = {
			isa = PBXCopyFilesBuildPhase;
			buildActionMask = 2147483647;
			dstPath = /usr/share/man/man1/;
			dstSubfolderSpec = 0;
			files = (
			);
			runOnlyForDeploymentPostprocessing = 1;
		};
/* End PBXCopyFilesBuildPhase section */

/* Begin PBXFileReference section */
		6D062ED7263A6B67003FE11F /* bitwise-arm64 */ = {isa = PBXFileReference; explicitFileType = "compiled.mach-o.executable"; includeInIndex = 0; path = "bitwise-arm64"; sourceTree = BUILT_PRODUCTS_DIR; };
		6D062F99263A887C003FE11F /* shunting-yard.h */ = {isa = PBXFileReference; fileEncoding = 4; lastKnownFileType = sourcecode.c.h; name = "shunting-yard.h"; path = "../inc/shunting-yard.h"; sourceTree = "<group>"; };
		6D062F9A263A887C003FE11F /* bitwise.h */ = {isa = PBXFileReference; fileEncoding = 4; lastKnownFileType = sourcecode.c.h; name = bitwise.h; path = ../inc/bitwise.h; sourceTree = "<group>"; };
		6D062F9B263A887C003FE11F /* stack.h */ = {isa = PBXFileReference; fileEncoding = 4; lastKnownFileType = sourcecode.c.h; name = stack.h; path = ../inc/stack.h; sourceTree = "<group>"; };
		6D062F9C263A887C003FE11F /* config.h */ = {isa = PBXFileReference; fileEncoding = 4; lastKnownFileType = sourcecode.c.h; name = config.h; path = ../inc/config.h; sourceTree = "<group>"; };
		6D062F9E263A88A0003FE11F /* misc.c */ = {isa = PBXFileReference; fileEncoding = 4; lastKnownFileType = sourcecode.c.c; name = misc.c; path = ../src/misc.c; sourceTree = "<group>"; };
		6D062F9F263A88A0003FE11F /* interactive.c */ = {isa = PBXFileReference; fileEncoding = 4; lastKnownFileType = sourcecode.c.c; name = interactive.c; path = ../src/interactive.c; sourceTree = "<group>"; };
		6D062FA0263A88A0003FE11F /* shunting-yard.c */ = {isa = PBXFileReference; fileEncoding = 4; lastKnownFileType = sourcecode.c.c; name = "shunting-yard.c"; path = "../src/shunting-yard.c"; sourceTree = "<group>"; };
		6D062FA1263A88A0003FE11F /* cmd.c */ = {isa = PBXFileReference; fileEncoding = 4; lastKnownFileType = sourcecode.c.c; name = cmd.c; path = ../src/cmd.c; sourceTree = "<group>"; };
		6D062FA2263A88A0003FE11F /* main.c */ = {isa = PBXFileReference; fileEncoding = 4; lastKnownFileType = sourcecode.c.c; name = main.c; path = ../src/main.c; sourceTree = "<group>"; };
		6D062FA3263A88A0003FE11F /* stack.c */ = {isa = PBXFileReference; fileEncoding = 4; lastKnownFileType = sourcecode.c.c; name = stack.c; path = ../src/stack.c; sourceTree = "<group>"; };
		6D062FA4263A88A0003FE11F /* help.c */ = {isa = PBXFileReference; fileEncoding = 4; lastKnownFileType = sourcecode.c.c; name = help.c; path = ../src/help.c; sourceTree = "<group>"; };
		6D062FC0263A8BDF003FE11F /* bitwise-intel */ = {isa = PBXFileReference; explicitFileType = "compiled.mach-o.executable"; includeInIndex = 0; path = "bitwise-intel"; sourceTree = BUILT_PRODUCTS_DIR; };
		6DE12ABA263AA7B0002D5CD5 /* info.plist */ = {isa = PBXFileReference; fileEncoding = 4; lastKnownFileType = text.plist.xml; path = info.plist; sourceTree = "<group>"; };
		6DE12ABB263AB42F002D5CD5 /* libhistory.a */ = {isa = PBXFileReference; lastKnownFileType = archive.ar; path = libhistory.a; sourceTree = "<group>"; };
		6DE12ABC263AB42F002D5CD5 /* libreadline.a */ = {isa = PBXFileReference; lastKnownFileType = archive.ar; path = libreadline.a; sourceTree = "<group>"; };
		6DE12ABF263AB46E002D5CD5 /* libpanelw.a */ = {isa = PBXFileReference; lastKnownFileType = archive.ar; path = libpanelw.a; sourceTree = "<group>"; };
		6DE12AC0263AB46E002D5CD5 /* libformw.a */ = {isa = PBXFileReference; lastKnownFileType = archive.ar; path = libformw.a; sourceTree = "<group>"; };
		6DE12AC1263AB46E002D5CD5 /* libmenuw.a */ = {isa = PBXFileReference; lastKnownFileType = archive.ar; path = libmenuw.a; sourceTree = "<group>"; };
		6DE12AC2263AB46E002D5CD5 /* libncursesw.a */ = {isa = PBXFileReference; lastKnownFileType = archive.ar; path = libncursesw.a; sourceTree = "<group>"; };
/* End PBXFileReference section */

/* Begin PBXFrameworksBuildPhase section */
		6D062ED4263A6B67003FE11F /* Frameworks */ = {
			isa = PBXFrameworksBuildPhase;
			buildActionMask = 2147483647;
			files = (
				6DE12ABD263AB42F002D5CD5 /* libhistory.a in Frameworks */,
				6DE12AC5263AB46E002D5CD5 /* libmenuw.a in Frameworks */,
				6DE12AC3263AB46E002D5CD5 /* libpanelw.a in Frameworks */,
				6DE12AC6263AB46E002D5CD5 /* libncursesw.a in Frameworks */,
				6DE12ABE263AB42F002D5CD5 /* libreadline.a in Frameworks */,
				6DE12AC4263AB46E002D5CD5 /* libformw.a in Frameworks */,
			);
			runOnlyForDeploymentPostprocessing = 0;
		};
		6D062FB5263A8BDF003FE11F /* Frameworks */ = {
			isa = PBXFrameworksBuildPhase;
			buildActionMask = 2147483647;
			files = (
			);
			runOnlyForDeploymentPostprocessing = 0;
		};
/* End PBXFrameworksBuildPhase section */

/* Begin PBXGroup section */
		6D062ECE263A6B67003FE11F = {
			isa = PBXGroup;
			children = (
				6DE12ABA263AA7B0002D5CD5 /* info.plist */,
				6D062F9D263A888C003FE11F /* src */,
				6D062F98263A8843003FE11F /* inc */,
				6D062F8B263A87AD003FE11F /* lib */,
				6D062ED8263A6B67003FE11F /* Products */,
			);
			sourceTree = "<group>";
		};
		6D062ED8263A6B67003FE11F /* Products */ = {
			isa = PBXGroup;
			children = (
				6D062ED7263A6B67003FE11F /* bitwise-arm64 */,
				6D062FC0263A8BDF003FE11F /* bitwise-intel */,
			);
			name = Products;
			sourceTree = "<group>";
		};
		6D062F8B263A87AD003FE11F /* lib */ = {
			isa = PBXGroup;
			children = (
				6DE12AC0263AB46E002D5CD5 /* libformw.a */,
				6DE12AC1263AB46E002D5CD5 /* libmenuw.a */,
				6DE12AC2263AB46E002D5CD5 /* libncursesw.a */,
				6DE12ABF263AB46E002D5CD5 /* libpanelw.a */,
				6DE12ABB263AB42F002D5CD5 /* libhistory.a */,
				6DE12ABC263AB42F002D5CD5 /* libreadline.a */,
			);
			name = lib;
			sourceTree = "<group>";
		};
		6D062F98263A8843003FE11F /* inc */ = {
			isa = PBXGroup;
			children = (
				6D062F9A263A887C003FE11F /* bitwise.h */,
				6D062F9C263A887C003FE11F /* config.h */,
				6D062F99263A887C003FE11F /* shunting-yard.h */,
				6D062F9B263A887C003FE11F /* stack.h */,
			);
			name = inc;
			sourceTree = "<group>";
		};
		6D062F9D263A888C003FE11F /* src */ = {
			isa = PBXGroup;
			children = (
				6D062FA1263A88A0003FE11F /* cmd.c */,
				6D062FA4263A88A0003FE11F /* help.c */,
				6D062F9F263A88A0003FE11F /* interactive.c */,
				6D062FA2263A88A0003FE11F /* main.c */,
				6D062F9E263A88A0003FE11F /* misc.c */,
				6D062FA0263A88A0003FE11F /* shunting-yard.c */,
				6D062FA3263A88A0003FE11F /* stack.c */,
			);
			name = src;
			sourceTree = "<group>";
		};
/* End PBXGroup section */

/* Begin PBXNativeTarget section */
		6D062ED6263A6B67003FE11F /* bitwise-arm64 */ = {
			isa = PBXNativeTarget;
			buildConfigurationList = 6D062EDE263A6B67003FE11F /* Build configuration list for PBXNativeTarget "bitwise-arm64" */;
			buildPhases = (
				6D062ED3263A6B67003FE11F /* Sources */,
				6D062ED4263A6B67003FE11F /* Frameworks */,
				6D062ED5263A6B67003FE11F /* CopyFiles */,
			);
			buildRules = (
			);
			dependencies = (
			);
			name = "bitwise-arm64";
			productName = bitwise;
			productReference = 6D062ED7263A6B67003FE11F /* bitwise-arm64 */;
			productType = "com.apple.product-type.tool";
		};
		6D062FAC263A8BDF003FE11F /* bitwise-intel */ = {
			isa = PBXNativeTarget;
			buildConfigurationList = 6D062FBD263A8BDF003FE11F /* Build configuration list for PBXNativeTarget "bitwise-intel" */;
			buildPhases = (
				6D062FAD263A8BDF003FE11F /* Sources */,
				6D062FB5263A8BDF003FE11F /* Frameworks */,
				6D062FBC263A8BDF003FE11F /* CopyFiles */,
			);
			buildRules = (
			);
			dependencies = (
			);
			name = "bitwise-intel";
			productName = bitwise;
			productReference = 6D062FC0263A8BDF003FE11F /* bitwise-intel */;
			productType = "com.apple.product-type.tool";
		};
/* End PBXNativeTarget section */

/* Begin PBXProject section */
		6D062ECF263A6B67003FE11F /* Project object */ = {
			isa = PBXProject;
			attributes = {
				LastUpgradeCheck = 1250;
				TargetAttributes = {
					6D062ED6263A6B67003FE11F = {
						CreatedOnToolsVersion = 12.5;
					};
				};
			};
			buildConfigurationList = 6D062ED2263A6B67003FE11F /* Build configuration list for PBXProject "bitwise" */;
			compatibilityVersion = "Xcode 9.3";
			developmentRegion = en;
			hasScannedForEncodings = 0;
			knownRegions = (
				en,
				Base,
			);
			mainGroup = 6D062ECE263A6B67003FE11F;
			productRefGroup = 6D062ED8263A6B67003FE11F /* Products */;
			projectDirPath = "";
			projectRoot = "";
			targets = (
				6D062ED6263A6B67003FE11F /* bitwise-arm64 */,
				6D062FAC263A8BDF003FE11F /* bitwise-intel */,
			);
		};
/* End PBXProject section */

/* Begin PBXSourcesBuildPhase section */
		6D062ED3263A6B67003FE11F /* Sources */ = {
			isa = PBXSourcesBuildPhase;
			buildActionMask = 2147483647;
			files = (
				6D062FAA263A88A0003FE11F /* stack.c in Sources */,
				6D062FA9263A88A0003FE11F /* main.c in Sources */,
				6D062FAB263A88A0003FE11F /* help.c in Sources */,
				6D062FA7263A88A0003FE11F /* shunting-yard.c in Sources */,
				6D062FA6263A88A0003FE11F /* interactive.c in Sources */,
				6D062FA8263A88A0003FE11F /* cmd.c in Sources */,
				6D062FA5263A88A0003FE11F /* misc.c in Sources */,
			);
			runOnlyForDeploymentPostprocessing = 0;
		};
		6D062FAD263A8BDF003FE11F /* Sources */ = {
			isa = PBXSourcesBuildPhase;
			buildActionMask = 2147483647;
			files = (
				6D062FAE263A8BDF003FE11F /* stack.c in Sources */,
				6D062FAF263A8BDF003FE11F /* main.c in Sources */,
				6D062FB0263A8BDF003FE11F /* help.c in Sources */,
				6D062FB1263A8BDF003FE11F /* shunting-yard.c in Sources */,
				6D062FB2263A8BDF003FE11F /* interactive.c in Sources */,
				6D062FB3263A8BDF003FE11F /* cmd.c in Sources */,
				6D062FB4263A8BDF003FE11F /* misc.c in Sources */,
			);
			runOnlyForDeploymentPostprocessing = 0;
		};
/* End PBXSourcesBuildPhase section */

/* Begin XCBuildConfiguration section */
		6D062EDC263A6B67003FE11F /* Debug */ = {
			isa = XCBuildConfiguration;
			buildSettings = {
				ALWAYS_SEARCH_USER_PATHS = NO;
				CLANG_ANALYZER_NONNULL = YES;
				CLANG_ANALYZER_NUMBER_OBJECT_CONVERSION = YES_AGGRESSIVE;
				CLANG_CXX_LANGUAGE_STANDARD = "gnu++14";
				CLANG_CXX_LIBRARY = "libc++";
				CLANG_ENABLE_MODULES = YES;
				CLANG_ENABLE_OBJC_ARC = YES;
				CLANG_ENABLE_OBJC_WEAK = YES;
				CLANG_WARN_BLOCK_CAPTURE_AUTORELEASING = YES;
				CLANG_WARN_BOOL_CONVERSION = YES;
				CLANG_WARN_COMMA = YES;
				CLANG_WARN_CONSTANT_CONVERSION = YES;
				CLANG_WARN_DEPRECATED_OBJC_IMPLEMENTATIONS = YES;
				CLANG_WARN_DIRECT_OBJC_ISA_USAGE = YES_ERROR;
				CLANG_WARN_DOCUMENTATION_COMMENTS = YES;
				CLANG_WARN_EMPTY_BODY = YES;
				CLANG_WARN_ENUM_CONVERSION = YES;
				CLANG_WARN_INFINITE_RECURSION = YES;
				CLANG_WARN_INT_CONVERSION = YES;
				CLANG_WARN_NON_LITERAL_NULL_CONVERSION = YES;
				CLANG_WARN_OBJC_IMPLICIT_RETAIN_SELF = YES;
				CLANG_WARN_OBJC_LITERAL_CONVERSION = YES;
				CLANG_WARN_OBJC_ROOT_CLASS = YES_ERROR;
				CLANG_WARN_QUOTED_INCLUDE_IN_FRAMEWORK_HEADER = YES;
				CLANG_WARN_RANGE_LOOP_ANALYSIS = YES;
				CLANG_WARN_STRICT_PROTOTYPES = YES;
				CLANG_WARN_SUSPICIOUS_MOVE = YES;
				CLANG_WARN_UNGUARDED_AVAILABILITY = YES_AGGRESSIVE;
				CLANG_WARN_UNREACHABLE_CODE = YES;
				CLANG_WARN__DUPLICATE_METHOD_MATCH = YES;
				COPY_PHASE_STRIP = NO;
				DEBUG_INFORMATION_FORMAT = dwarf;
				DSTROOT = $SRCROOT/build/pkgroot;
				ENABLE_HARDENED_RUNTIME = YES;
				ENABLE_STRICT_OBJC_MSGSEND = YES;
				ENABLE_TESTABILITY = YES;
				GCC_C_LANGUAGE_STANDARD = gnu11;
				GCC_DYNAMIC_NO_PIC = NO;
				GCC_NO_COMMON_BLOCKS = YES;
				GCC_OPTIMIZATION_LEVEL = 0;
				GCC_PREPROCESSOR_DEFINITIONS = (
					"DEBUG=1",
					"$(inherited)",
				);
				GCC_WARN_64_TO_32_BIT_CONVERSION = YES;
				GCC_WARN_ABOUT_RETURN_TYPE = YES_ERROR;
				GCC_WARN_UNDECLARED_SELECTOR = YES;
				GCC_WARN_UNINITIALIZED_AUTOS = YES_AGGRESSIVE;
				GCC_WARN_UNUSED_FUNCTION = YES;
				GCC_WARN_UNUSED_VARIABLE = YES;
				HEADER_SEARCH_PATHS = /opt/homebrew/Cellar/readline/8.1/include;
				MACOSX_DEPLOYMENT_TARGET = 11.2;
				MTL_ENABLE_DEBUG_INFO = INCLUDE_SOURCE;
				MTL_FAST_MATH = YES;
				ONLY_ACTIVE_ARCH = YES;
				OTHER_CFLAGS = "";
				SDKROOT = macosx;
			};
			name = Debug;
		};
		6D062EDD263A6B67003FE11F /* Release */ = {
			isa = XCBuildConfiguration;
			buildSettings = {
				ALWAYS_SEARCH_USER_PATHS = NO;
				CLANG_ANALYZER_NONNULL = YES;
				CLANG_ANALYZER_NUMBER_OBJECT_CONVERSION = YES_AGGRESSIVE;
				CLANG_CXX_LANGUAGE_STANDARD = "gnu++14";
				CLANG_CXX_LIBRARY = "libc++";
				CLANG_ENABLE_MODULES = YES;
				CLANG_ENABLE_OBJC_ARC = YES;
				CLANG_ENABLE_OBJC_WEAK = YES;
				CLANG_WARN_BLOCK_CAPTURE_AUTORELEASING = YES;
				CLANG_WARN_BOOL_CONVERSION = YES;
				CLANG_WARN_COMMA = YES;
				CLANG_WARN_CONSTANT_CONVERSION = YES;
				CLANG_WARN_DEPRECATED_OBJC_IMPLEMENTATIONS = YES;
				CLANG_WARN_DIRECT_OBJC_ISA_USAGE = YES_ERROR;
				CLANG_WARN_DOCUMENTATION_COMMENTS = YES;
				CLANG_WARN_EMPTY_BODY = YES;
				CLANG_WARN_ENUM_CONVERSION = YES;
				CLANG_WARN_INFINITE_RECURSION = YES;
				CLANG_WARN_INT_CONVERSION = YES;
				CLANG_WARN_NON_LITERAL_NULL_CONVERSION = YES;
				CLANG_WARN_OBJC_IMPLICIT_RETAIN_SELF = YES;
				CLANG_WARN_OBJC_LITERAL_CONVERSION = YES;
				CLANG_WARN_OBJC_ROOT_CLASS = YES_ERROR;
				CLANG_WARN_QUOTED_INCLUDE_IN_FRAMEWORK_HEADER = YES;
				CLANG_WARN_RANGE_LOOP_ANALYSIS = YES;
				CLANG_WARN_STRICT_PROTOTYPES = YES;
				CLANG_WARN_SUSPICIOUS_MOVE = YES;
				CLANG_WARN_UNGUARDED_AVAILABILITY = YES_AGGRESSIVE;
				CLANG_WARN_UNREACHABLE_CODE = YES;
				CLANG_WARN__DUPLICATE_METHOD_MATCH = YES;
				COPY_PHASE_STRIP = NO;
				DEBUG_INFORMATION_FORMAT = "dwarf-with-dsym";
				DSTROOT = $SRCROOT/build/pkgroot;
				ENABLE_HARDENED_RUNTIME = YES;
				ENABLE_NS_ASSERTIONS = NO;
				ENABLE_STRICT_OBJC_MSGSEND = YES;
				GCC_C_LANGUAGE_STANDARD = gnu11;
				GCC_NO_COMMON_BLOCKS = YES;
				GCC_WARN_64_TO_32_BIT_CONVERSION = YES;
				GCC_WARN_ABOUT_RETURN_TYPE = YES_ERROR;
				GCC_WARN_UNDECLARED_SELECTOR = YES;
				GCC_WARN_UNINITIALIZED_AUTOS = YES_AGGRESSIVE;
				GCC_WARN_UNUSED_FUNCTION = YES;
				GCC_WARN_UNUSED_VARIABLE = YES;
				HEADER_SEARCH_PATHS = /opt/homebrew/Cellar/readline/8.1/include;
				MACOSX_DEPLOYMENT_TARGET = 11.2;
				MTL_ENABLE_DEBUG_INFO = NO;
				MTL_FAST_MATH = YES;
				OTHER_CFLAGS = "";
				SDKROOT = macosx;
			};
			name = Release;
		};
		6D062EDF263A6B67003FE11F /* Debug */ = {
			isa = XCBuildConfiguration;
			buildSettings = {
				ARCHS = arm64;
				CODE_SIGN_IDENTITY = "-";
				CODE_SIGN_STYLE = Manual;
				INFOPLIST_FILE = "$(SRCROOT)/info.plist";
				LIBRARY_SEARCH_PATHS = "$(PROJECT_DIR)";
				ONLY_ACTIVE_ARCH = YES;
				PRODUCT_BUNDLE_IDENTIFIER = com.jamesdbailey.bitwise;
				PRODUCT_NAME = "$(TARGET_NAME)";
				PROVISIONING_PROFILE_SPECIFIER = "";
			};
			name = Debug;
		};
		6D062EE0263A6B67003FE11F /* Release */ = {
			isa = XCBuildConfiguration;
			buildSettings = {
				ARCHS = arm64;
				CODE_SIGN_IDENTITY = "Developer ID Application";
				CODE_SIGN_STYLE = Manual;
				DEVELOPMENT_TEAM = 75J6C96V4Y;
				INFOPLIST_FILE = "$(SRCROOT)/info.plist";
				LIBRARY_SEARCH_PATHS = "$(PROJECT_DIR)";
				ONLY_ACTIVE_ARCH = YES;
				PRODUCT_BUNDLE_IDENTIFIER = com.jamesdbailey.bitwise;
				PRODUCT_NAME = bitwise;
				PROVISIONING_PROFILE_SPECIFIER = "";
			};
			name = Release;
		};
		6D062FBE263A8BDF003FE11F /* Debug */ = {
			isa = XCBuildConfiguration;
			buildSettings = {
				CODE_SIGN_IDENTITY = "-";
				CODE_SIGN_STYLE = Manual;
				DEVELOPMENT_TEAM = "";
				INFOPLIST_FILE = "$(SRCROOT)/info.plist";
				LIBRARY_SEARCH_PATHS = (
					/usr/local/Homebrew/opt/ncurses/lib,
					/usr/local/Homebrew/opt/readline/lib,
				);
				ONLY_ACTIVE_ARCH = NO;
				PRODUCT_NAME = "$(TARGET_NAME)";
				PROVISIONING_PROFILE_SPECIFIER = "";
			};
			name = Debug;
		};
		6D062FBF263A8BDF003FE11F /* Release */ = {
			isa = XCBuildConfiguration;
			buildSettings = {
				CODE_SIGN_IDENTITY = "-";
				CODE_SIGN_STYLE = Manual;
				DEVELOPMENT_TEAM = "";
				INFOPLIST_FILE = "$(SRCROOT)/info.plist";
				LIBRARY_SEARCH_PATHS = (
					/usr/local/Homebrew/opt/ncurses/lib,
					/usr/local/Homebrew/opt/readline/lib,
				);
				ONLY_ACTIVE_ARCH = NO;
				PRODUCT_NAME = "$(TARGET_NAME)";
				PROVISIONING_PROFILE_SPECIFIER = "";
			};
			name = Release;
		};
/* End XCBuildConfiguration section */

/* Begin XCConfigurationList section */
		6D062ED2263A6B67003FE11F /* Build configuration list for PBXProject "bitwise" */ = {
			isa = XCConfigurationList;
			buildConfigurations = (
				6D062EDC263A6B67003FE11F /* Debug */,
				6D062EDD263A6B67003FE11F /* Release */,
			);
			defaultConfigurationIsVisible = 0;
			defaultConfigurationName = Release;
		};
		6D062EDE263A6B67003FE11F /* Build configuration list for PBXNativeTarget "bitwise-arm64" */ = {
			isa = XCConfigurationList;
			buildConfigurations = (
				6D062EDF263A6B67003FE11F /* Debug */,
				6D062EE0263A6B67003FE11F /* Release */,
			);
			defaultConfigurationIsVisible = 0;
			defaultConfigurationName = Release;
		};
		6D062FBD263A8BDF003FE11F /* Build configuration list for PBXNativeTarget "bitwise-intel" */ = {
			isa = XCConfigurationList;
			buildConfigurations = (
				6D062FBE263A8BDF003FE11F /* Debug */,
				6D062FBF263A8BDF003FE11F /* Release */,
			);
			defaultConfigurationIsVisible = 0;
			defaultConfigurationName = Release;
		};
/* End XCConfigurationList section */
	};
	rootObject = 6D062ECF263A6B67003FE11F /* Project object */;
}
